
Microsoft Visual Studio Solution File, Format Version 12.00
# Visual Studio Version 17
VisualStudioVersion = 17.9.34728.123
MinimumVisualStudioVersion = 10.0.40219.1
Project("{FAE04EC0-301F-11D3-BF4B-00C04F79EFBC}") = "ExamenProgreso1", "ExamenProgreso1\ExamenProgreso1.csproj", "{E4F199B5-E83C-48AB-A527-D1D1207FD863}"
EndProject
Global
	GlobalSection(SolutionConfigurationPlatforms) = preSolution
		Debug|Any CPU = Debug|Any CPU
		Release|Any CPU = Release|Any CPU
	EndGlobalSection
	GlobalSection(ProjectConfigurationPlatforms) = postSolution
		{E4F199B5-E83C-48AB-A527-D1D1207FD863}.Debug|Any CPU.ActiveCfg = Debug|Any CPU
		{E4F199B5-E83C-48AB-A527-D1D1207FD863}.Debug|Any CPU.Build.0 = Debug|Any CPU
		{E4F199B5-E83C-48AB-A527-D1D1207FD863}.Release|Any CPU.ActiveCfg = Release|Any CPU
		{E4F199B5-E83C-48AB-A527-D1D1207FD863}.Release|Any CPU.Build.0 = Release|Any CPU
	EndGlobalSection
	GlobalSection(SolutionProperties) = preSolution
		HideSolutionNode = FALSE
	EndGlobalSection
	GlobalSection(ExtensibilityGlobals) = postSolution
		SolutionGuid = {754C911B-5470-4388-92A2-FE5007023AD4}
	EndGlobalSection
EndGlobal
